
Microsoft Visual Studio Solution File, Format Version 12.00
# Visual Studio 15
VisualStudioVersion = 15.0.27703.2047
MinimumVisualStudioVersion = 10.0.40219.1
Project("{FAE04EC0-301F-11D3-BF4B-00C04F79EFBC}") = "HWCStartApp", "HWCStartApp\HWCStartApp.csproj", "{4FCFABCA-77BC-4825-8B9F-8F0E60A451EF}"
EndProject
Global
	GlobalSection(SolutionConfigurationPlatforms) = preSolution
		Debug|Any CPU = Debug|Any CPU
		Release|Any CPU = Release|Any CPU
	EndGlobalSection
	GlobalSection(ProjectConfigurationPlatforms) = postSolution
		{4FCFABCA-77BC-4825-8B9F-8F0E60A451EF}.Debug|Any CPU.ActiveCfg = Debug|Any CPU
		{4FCFABCA-77BC-4825-8B9F-8F0E60A451EF}.Debug|Any CPU.Build.0 = Debug|Any CPU
		{4FCFABCA-77BC-4825-8B9F-8F0E60A451EF}.Release|Any CPU.ActiveCfg = Release|Any CPU
		{4FCFABCA-77BC-4825-8B9F-8F0E60A451EF}.Release|Any CPU.Build.0 = Release|Any CPU
	EndGlobalSection
	GlobalSection(SolutionProperties) = preSolution
		HideSolutionNode = FALSE
	EndGlobalSection
	GlobalSection(ExtensibilityGlobals) = postSolution
		SolutionGuid = {534C5109-C493-4069-8CC2-88CE88B12C18}
	EndGlobalSection
EndGlobal
